
Microsoft Visual Studio Solution File, Format Version 12.00
# Visual Studio Version 16
VisualStudioVersion = 16.0.29519.181
MinimumVisualStudioVersion = 10.0.40219.1
Project("{FAE04EC0-301F-11D3-BF4B-00C04F79EFBC}") = "WindowsFormsApp5", "WindowsFormsApp5\WindowsFormsApp5.csproj", "{00EFF16E-6CC3-41AB-B58F-5664B39996E6}"
EndProject
Global
	GlobalSection(SolutionConfigurationPlatforms) = preSolution
		Debug|Any CPU = Debug|Any CPU
		Release|Any CPU = Release|Any CPU
	EndGlobalSection
	GlobalSection(ProjectConfigurationPlatforms) = postSolution
		{00EFF16E-6CC3-41AB-B58F-5664B39996E6}.Debug|Any CPU.ActiveCfg = Debug|Any CPU
		{00EFF16E-6CC3-41AB-B58F-5664B39996E6}.Debug|Any CPU.Build.0 = Debug|Any CPU
		{00EFF16E-6CC3-41AB-B58F-5664B39996E6}.Release|Any CPU.ActiveCfg = Release|Any CPU
		{00EFF16E-6CC3-41AB-B58F-5664B39996E6}.Release|Any CPU.Build.0 = Release|Any CPU
	EndGlobalSection
	GlobalSection(SolutionProperties) = preSolution
		HideSolutionNode = FALSE
	EndGlobalSection
	GlobalSection(ExtensibilityGlobals) = postSolution
		SolutionGuid = {3137DF5A-FF92-4DEC-91FE-00E34F84DEB1}
	EndGlobalSection
EndGlobal
